
Microsoft Visual Studio Solution File, Format Version 12.00
# Visual Studio 15
Project("{FAE04EC0-301F-11D3-BF4B-00C04F79EFBC}") = "UnityEngine.UI", "UnityEngine.UI.csproj", "{91B3784B-371F-1A31-C0FE-0761AF291E3C}"
EndProject
Project("{FAE04EC0-301F-11D3-BF4B-00C04F79EFBC}") = "Assembly-CSharp", "Assembly-CSharp.csproj", "{AB60AF21-C60F-AA48-1099-0496507B0850}"
EndProject
Project("{FAE04EC0-301F-11D3-BF4B-00C04F79EFBC}") = "UnityEditor.UI", "UnityEditor.UI.csproj", "{80959700-E70E-8212-CC52-E0C181B9B313}"
EndProject
Global
	GlobalSection(SolutionConfigurationPlatforms) = preSolution
		Debug|Any CPU = Debug|Any CPU
		Release|Any CPU = Release|Any CPU
	EndGlobalSection
	GlobalSection(ProjectConfigurationPlatforms) = postSolution
		{91B3784B-371F-1A31-C0FE-0761AF291E3C}.Debug|Any CPU.ActiveCfg = Debug|Any CPU
		{91B3784B-371F-1A31-C0FE-0761AF291E3C}.Debug|Any CPU.Build.0 = Debug|Any CPU
		{91B3784B-371F-1A31-C0FE-0761AF291E3C}.Release|Any CPU.ActiveCfg = Release|Any CPU
		{91B3784B-371F-1A31-C0FE-0761AF291E3C}.Release|Any CPU.Build.0 = Release|Any CPU
		{AB60AF21-C60F-AA48-1099-0496507B0850}.Debug|Any CPU.ActiveCfg = Debug|Any CPU
		{AB60AF21-C60F-AA48-1099-0496507B0850}.Debug|Any CPU.Build.0 = Debug|Any CPU
		{AB60AF21-C60F-AA48-1099-0496507B0850}.Release|Any CPU.ActiveCfg = Release|Any CPU
		{AB60AF21-C60F-AA48-1099-0496507B0850}.Release|Any CPU.Build.0 = Release|Any CPU
		{80959700-E70E-8212-CC52-E0C181B9B313}.Debug|Any CPU.ActiveCfg = Debug|Any CPU
		{80959700-E70E-8212-CC52-E0C181B9B313}.Debug|Any CPU.Build.0 = Debug|Any CPU
		{80959700-E70E-8212-CC52-E0C181B9B313}.Release|Any CPU.ActiveCfg = Release|Any CPU
		{80959700-E70E-8212-CC52-E0C181B9B313}.Release|Any CPU.Build.0 = Release|Any CPU
	EndGlobalSection
	GlobalSection(SolutionProperties) = preSolution
		HideSolutionNode = FALSE
	EndGlobalSection
EndGlobal
